
Microsoft Visual Studio Solution File, Format Version 12.00
# Visual Studio Version 16
VisualStudioVersion = 16.0.30011.22
MinimumVisualStudioVersion = 10.0.40219.1
Project("{FAE04EC0-301F-11D3-BF4B-00C04F79EFBC}") = "Stryktips", "WebApplication3\Stryktips.csproj", "{A8F261ED-EC48-423B-BEA8-08991730B6FA}"
EndProject
Global
	GlobalSection(SolutionConfigurationPlatforms) = preSolution
		Debug|Any CPU = Debug|Any CPU
		Release|Any CPU = Release|Any CPU
	EndGlobalSection
	GlobalSection(ProjectConfigurationPlatforms) = postSolution
		{A8F261ED-EC48-423B-BEA8-08991730B6FA}.Debug|Any CPU.ActiveCfg = Debug|Any CPU
		{A8F261ED-EC48-423B-BEA8-08991730B6FA}.Debug|Any CPU.Build.0 = Debug|Any CPU
		{A8F261ED-EC48-423B-BEA8-08991730B6FA}.Release|Any CPU.ActiveCfg = Release|Any CPU
		{A8F261ED-EC48-423B-BEA8-08991730B6FA}.Release|Any CPU.Build.0 = Release|Any CPU
	EndGlobalSection
	GlobalSection(SolutionProperties) = preSolution
		HideSolutionNode = FALSE
	EndGlobalSection
	GlobalSection(ExtensibilityGlobals) = postSolution
		SolutionGuid = {AC297F29-9443-45F4-9F68-BD71EAF03157}
	EndGlobalSection
EndGlobal
